Microsoft Visual Studio Solution File, Format Version 11.00
# Visual Studio 2008

Project("{7AFC5694-50D2-B895-A334-51993FA8CF8D}") = "PhotoSphereViewer", "Assembly-CSharp.csproj", "{66EC621C-EF78-63E5-967E-4278781C44E3}"
EndProject
Global
	GlobalSection(SolutionConfigurationPlatforms) = preSolution
		Debug|Any CPU = Debug|Any CPU
		Release|Any CPU = Release|Any CPU
	EndGlobalSection
	GlobalSection(ProjectConfigurationPlatforms) = postSolution
		{66EC621C-EF78-63E5-967E-4278781C44E3}.Debug|Any CPU.ActiveCfg = Debug|Any CPU
		{66EC621C-EF78-63E5-967E-4278781C44E3}.Debug|Any CPU.Build.0 = Debug|Any CPU
		{66EC621C-EF78-63E5-967E-4278781C44E3}.Release|Any CPU.ActiveCfg = Release|Any CPU
		{66EC621C-EF78-63E5-967E-4278781C44E3}.Release|Any CPU.Build.0 = Release|Any CPU
	EndGlobalSection
	GlobalSection(SolutionProperties) = preSolution
		HideSolutionNode = FALSE
	EndGlobalSection
	GlobalSection(MonoDevelopProperties) = preSolution
		StartupItem = Assembly-CSharp.csproj
	EndGlobalSection
EndGlobal
